
Microsoft Visual Studio Solution File, Format Version 12.00
# Visual Studio Version 17
VisualStudioVersion = 17.10.34928.147
MinimumVisualStudioVersion = 10.0.40219.1
Project("{FAE04EC0-301F-11D3-BF4B-00C04F79EFBC}") = "StackAndQueue1", "StackAndQueue1\StackAndQueue1.csproj", "{C2FC408D-95FB-4275-8E3E-D9CF691DB391}"
EndProject
Project("{FAE04EC0-301F-11D3-BF4B-00C04F79EFBC}") = "StackAndQueueTest", "StackAndQueueTest\StackAndQueueTest.csproj", "{B9634AD1-1979-44B9-A93C-C8DC128AF6B7}"
EndProject
Global
	GlobalSection(SolutionConfigurationPlatforms) = preSolution
		Debug|Any CPU = Debug|Any CPU
		Release|Any CPU = Release|Any CPU
	EndGlobalSection
	GlobalSection(ProjectConfigurationPlatforms) = postSolution
		{C2FC408D-95FB-4275-8E3E-D9CF691DB391}.Debug|Any CPU.ActiveCfg = Debug|Any CPU
		{C2FC408D-95FB-4275-8E3E-D9CF691DB391}.Debug|Any CPU.Build.0 = Debug|Any CPU
		{C2FC408D-95FB-4275-8E3E-D9CF691DB391}.Release|Any CPU.ActiveCfg = Release|Any CPU
		{C2FC408D-95FB-4275-8E3E-D9CF691DB391}.Release|Any CPU.Build.0 = Release|Any CPU
		{B9634AD1-1979-44B9-A93C-C8DC128AF6B7}.Debug|Any CPU.ActiveCfg = Debug|Any CPU
		{B9634AD1-1979-44B9-A93C-C8DC128AF6B7}.Debug|Any CPU.Build.0 = Debug|Any CPU
		{B9634AD1-1979-44B9-A93C-C8DC128AF6B7}.Release|Any CPU.ActiveCfg = Release|Any CPU
		{B9634AD1-1979-44B9-A93C-C8DC128AF6B7}.Release|Any CPU.Build.0 = Release|Any CPU
	EndGlobalSection
	GlobalSection(SolutionProperties) = preSolution
		HideSolutionNode = FALSE
	EndGlobalSection
	GlobalSection(ExtensibilityGlobals) = postSolution
		SolutionGuid = {84010D2A-4802-4CD2-9F47-FB9D4804707D}
	EndGlobalSection
EndGlobal
