
Microsoft Visual Studio Solution File, Format Version 12.00
# Visual Studio Version 17
VisualStudioVersion = 17.10.34928.147
MinimumVisualStudioVersion = 10.0.40219.1
Project("{9A19103F-16F7-4668-BE54-9A1E7A4F7556}") = "Reverse-Words", "Reverse-Words\Reverse-Words.csproj", "{EF9B9F33-B077-44CB-8408-EF91205DF320}"
EndProject
Project("{FAE04EC0-301F-11D3-BF4B-00C04F79EFBC}") = "Reverse-WordsTest", "Reverse-WordsTest\Reverse-WordsTest.csproj", "{EBE755DF-6F13-42BB-83C3-ED1DF1300526}"
EndProject
Global
	GlobalSection(SolutionConfigurationPlatforms) = preSolution
		Debug|Any CPU = Debug|Any CPU
		Release|Any CPU = Release|Any CPU
	EndGlobalSection
	GlobalSection(ProjectConfigurationPlatforms) = postSolution
		{EF9B9F33-B077-44CB-8408-EF91205DF320}.Debug|Any CPU.ActiveCfg = Debug|Any CPU
		{EF9B9F33-B077-44CB-8408-EF91205DF320}.Debug|Any CPU.Build.0 = Debug|Any CPU
		{EF9B9F33-B077-44CB-8408-EF91205DF320}.Release|Any CPU.ActiveCfg = Release|Any CPU
		{EF9B9F33-B077-44CB-8408-EF91205DF320}.Release|Any CPU.Build.0 = Release|Any CPU
		{EBE755DF-6F13-42BB-83C3-ED1DF1300526}.Debug|Any CPU.ActiveCfg = Debug|Any CPU
		{EBE755DF-6F13-42BB-83C3-ED1DF1300526}.Debug|Any CPU.Build.0 = Debug|Any CPU
		{EBE755DF-6F13-42BB-83C3-ED1DF1300526}.Release|Any CPU.ActiveCfg = Release|Any CPU
		{EBE755DF-6F13-42BB-83C3-ED1DF1300526}.Release|Any CPU.Build.0 = Release|Any CPU
	EndGlobalSection
	GlobalSection(SolutionProperties) = preSolution
		HideSolutionNode = FALSE
	EndGlobalSection
	GlobalSection(ExtensibilityGlobals) = postSolution
		SolutionGuid = {7C5C1155-82EF-4E61-A20D-255F2F602184}
	EndGlobalSection
EndGlobal
